// !$*UTF8*$!
{
	archiveVersion = 1;
	classes = {
	};
	objectVersion = 77;
	objects = {

/* Begin PBXContainerItemProxy section */
		A34FD39B2FFBFF160045A10B /* PBXContainerItemProxy */ = {
			isa = PBXContainerItemProxy;
			containerPortal = A34FD3852FFBFF140045A10B /* Project object */;
			proxyType = 1;
			remoteGlobalIDString = A34FD38C2FFBFF140045A10B;
			remoteInfo = LiteAilohaApp;
		};
		A34FD3A52FFBFF160045A10B /* PBXContainerItemProxy */ = {
			isa = PBXContainerItemProxy;
			containerPortal = A34FD3852FFBFF140045A10B /* Project object */;
			proxyType = 1;
			remoteGlobalIDString = A34FD38C2FFBFF140045A10B;
			remoteInfo = LiteAilohaApp;
		};
/* End PBXContainerItemProxy section */

/* Begin PBXFileReference section */
		A34FD38D2FFBFF140045A10B /* LiteAilohaApp.app */ = {isa = PBXFileReference; explicitFileType = wrapper.application; includeInIndex = 0; path = LiteAilohaApp.app; sourceTree = BUILT_PRODUCTS_DIR; };
		A34FD39A2FFBFF160045A10B /* LiteAilohaAppTests.xctest */ = {isa = PBXFileReference; explicitFileType = wrapper.cfbundle; includeInIndex = 0; path = LiteAilohaAppTests.xctest; sourceTree = BUILT_PRODUCTS_DIR; };
		A34FD3A42FFBFF160045A10B /* LiteAilohaAppUITests.xctest */ = {isa = PBXFileReference; explicitFileType = wrapper.cfbundle; includeInIndex = 0; path = LiteAilohaAppUITests.xctest; sourceTree = BUILT_PRODUCTS_DIR; };
/* End PBXFileReference section */

/* Begin PBXFileSystemSynchronizedRootGroup section */
		A34FD38F2FFBFF140045A10B /* LiteAilohaApp */ = {
			isa = PBXFileSystemSynchronizedRootGroup;
			path = LiteAilohaApp;
			sourceTree = "<group>";
		};
		A34FD39D2FFBFF160045A10B /* LiteAilohaAppTests */ = {
			isa = PBXFileSystemSynchronizedRootGroup;
			path = LiteAilohaAppTests;
			sourceTree = "<group>";
		};
		A34FD3A72FFBFF160045A10B /* LiteAilohaAppUITests */ = {
			isa = PBXFileSystemSynchronizedRootGroup;
			path = LiteAilohaAppUITests;
			sourceTree = "<group>";
		};
/* End PBXFileSystemSynchronizedRootGroup section */

/* Begin PBXFrameworksBuildPhase section */
		A34FD38A2FFBFF140045A10B /* Frameworks */ = {
			isa = PBXFrameworksBuildPhase;
			buildActionMask = 2147483647;
			files = (
			);
			runOnlyForDeploymentPostprocessing = 0;
		};
		A34FD3972FFBFF160045A10B /* Frameworks */ = {
			isa = PBXFrameworksBuildPhase;
			buildActionMask = 2147483647;
			files = (
			);
			runOnlyForDeploymentPostprocessing = 0;
		};
		A34FD3A12FFBFF160045A10B /* Frameworks */ = {
			isa = PBXFrameworksBuildPhase;
			buildActionMask = 2147483647;
			files = (
			);
			runOnlyForDeploymentPostprocessing = 0;
		};
/* End PBXFrameworksBuildPhase section */

/* Begin PBXGroup section */
		A34FD3842FFBFF140045A10B = {
			isa = PBXGroup;
			children = (
				A34FD38F2FFBFF140045A10B /* LiteAilohaApp */,
				A34FD39D2FFBFF160045A10B /* LiteAilohaAppTests */,
				A34FD3A72FFBFF160045A10B /* LiteAilohaAppUITests */,
				A34FD38E2FFBFF140045A10B /* Products */,
			);
			sourceTree = "<group>";
		};
		A34FD38E2FFBFF140045A10B /* Products */ = {
			isa = PBXGroup;
			children = (
				A34FD38D2FFBFF140045A10B /* LiteAilohaApp.app */,
				A34FD39A2FFBFF160045A10B /* LiteAilohaAppTests.xctest */,
				A34FD3A42FFBFF160045A10B /* LiteAilohaAppUITests.xctest */,
			);
			name = Products;
			sourceTree = "<group>";
		};
/* End PBXGroup section */

/* Begin PBXNativeTarget section */
		A34FD38C2FFBFF140045A10B /* LiteAilohaApp */ = {
			isa = PBXNativeTarget;
			buildConfigurationList = A34FD3AE2FFBFF160045A10B /* Build configuration list for PBXNativeTarget "LiteAilohaApp" */;
			buildPhases = (
				A34FD3892FFBFF140045A10B /* Sources */,
				A34FD38A2FFBFF140045A10B /* Frameworks */,
				A34FD38B2FFBFF140045A10B /* Resources */,
			);
			buildRules = (
			);
			dependencies = (
			);
			fileSystemSynchronizedGroups = (
				A34FD38F2FFBFF140045A10B /* LiteAilohaApp */,
			);
			name = LiteAilohaApp;
			packageProductDependencies = (
			);
			productName = LiteAilohaApp;
			productReference = A34FD38D2FFBFF140045A10B /* LiteAilohaApp.app */;
			productType = "com.apple.product-type.application";
		};
		A34FD3992FFBFF160045A10B /* LiteAilohaAppTests */ = {
			isa = PBXNativeTarget;
			buildConfigurationList = A34FD3B12FFBFF160045A10B /* Build configuration list for PBXNativeTarget "LiteAilohaAppTests" */;
			buildPhases = (
				A34FD3962FFBFF160045A10B /* Sources */,
				A34FD3972FFBFF160045A10B /* Frameworks */,
				A34FD3982FFBFF160045A10B /* Resources */,
			);
			buildRules = (
			);
			dependencies = (
				A34FD39C2FFBFF160045A10B /* PBXTargetDependency */,
			);
			fileSystemSynchronizedGroups = (
				A34FD39D2FFBFF160045A10B /* LiteAilohaAppTests */,
			);
			name = LiteAilohaAppTests;
			packageProductDependencies = (
			);
			productName = LiteAilohaAppTests;
			productReference = A34FD39A2FFBFF160045A10B /* LiteAilohaAppTests.xctest */;
			productType = "com.apple.product-type.bundle.unit-test";
		};
		A34FD3A32FFBFF160045A10B /* LiteAilohaAppUITests */ = {
			isa = PBXNativeTarget;
			buildConfigurationList = A34FD3B42FFBFF160045A10B /* Build configuration list for PBXNativeTarget "LiteAilohaAppUITests" */;
			buildPhases = (
				A34FD3A02FFBFF160045A10B /* Sources */,
				A34FD3A12FFBFF160045A10B /* Frameworks */,
				A34FD3A22FFBFF160045A10B /* Resources */,
			);
			buildRules = (
			);
			dependencies = (
				A34FD3A62FFBFF160045A10B /* PBXTargetDependency */,
			);
			fileSystemSynchronizedGroups = (
				A34FD3A72FFBFF160045A10B /* LiteAilohaAppUITests */,
			);
			name = LiteAilohaAppUITests;
			packageProductDependencies = (
			);
			productName = LiteAilohaAppUITests;
			productReference = A34FD3A42FFBFF160045A10B /* LiteAilohaAppUITests.xctest */;
			productType = "com.apple.product-type.bundle.ui-testing";
		};
/* End PBXNativeTarget section */

/* Begin PBXProject section */
		A34FD3852FFBFF140045A10B /* Project object */ = {
			isa = PBXProject;
			attributes = {
				BuildIndependentTargetsInParallel = 1;
				LastSwiftUpdateCheck = 2660;
				LastUpgradeCheck = 2660;
				TargetAttributes = {
					A34FD38C2FFBFF140045A10B = {
						CreatedOnToolsVersion = 26.6;
					};
					A34FD3992FFBFF160045A10B = {
						CreatedOnToolsVersion = 26.6;
						TestTargetID = A34FD38C2FFBFF140045A10B;
					};
					A34FD3A32FFBFF160045A10B = {
						CreatedOnToolsVersion = 26.6;
						TestTargetID = A34FD38C2FFBFF140045A10B;
					};
				};
			};
			buildConfigurationList = A34FD3882FFBFF140045A10B /* Build configuration list for PBXProject "LiteAilohaApp" */;
			developmentRegion = en;
			hasScannedForEncodings = 0;
			knownRegions = (
				en,
				Base,
			);
			mainGroup = A34FD3842FFBFF140045A10B;
			minimizedProjectReferenceProxies = 1;
			preferredProjectObjectVersion = 77;
			productRefGroup = A34FD38E2FFBFF140045A10B /* Products */;
			projectDirPath = "";
			projectRoot = "";
			targets = (
				A34FD38C2FFBFF140045A10B /* LiteAilohaApp */,
				A34FD3992FFBFF160045A10B /* LiteAilohaAppTests */,
				A34FD3A32FFBFF160045A10B /* LiteAilohaAppUITests */,
			);
		};
/* End PBXProject section */

/* Begin PBXResourcesBuildPhase section */
		A34FD38B2FFBFF140045A10B /* Resources */ = {
			isa = PBXResourcesBuildPhase;
			buildActionMask = 2147483647;
			files = (
			);
			runOnlyForDeploymentPostprocessing = 0;
		};
		A34FD3982FFBFF160045A10B /* Resources */ = {
			isa = PBXResourcesBuildPhase;
			buildActionMask = 2147483647;
			files = (
			);
			runOnlyForDeploymentPostprocessing = 0;
		};
		A34FD3A22FFBFF160045A10B /* Resources */ = {
			isa = PBXResourcesBuildPhase;
			buildActionMask = 2147483647;
			files = (
			);
			runOnlyForDeploymentPostprocessing = 0;
		};
/* End PBXResourcesBuildPhase section */

/* Begin PBXSourcesBuildPhase section */
		A34FD3892FFBFF140045A10B /* Sources */ = {
			isa = PBXSourcesBuildPhase;
			buildActionMask = 2147483647;
			files = (
			);
			runOnlyForDeploymentPostprocessing = 0;
		};
		A34FD3962FFBFF160045A10B /* Sources */ = {
			isa = PBXSourcesBuildPhase;
			buildActionMask = 2147483647;
			files = (
			);
			runOnlyForDeploymentPostprocessing = 0;
		};
		A34FD3A02FFBFF160045A10B /* Sources */ = {
			isa = PBXSourcesBuildPhase;
			buildActionMask = 2147483647;
			files = (
			);
			runOnlyForDeploymentPostprocessing = 0;
		};
/* End PBXSourcesBuildPhase section */

/* Begin PBXTargetDependency section */
		A34FD39C2FFBFF160045A10B /* PBXTargetDependency */ = {
			isa = PBXTargetDependency;
			target = A34FD38C2FFBFF140045A10B /* LiteAilohaApp */;
			targetProxy = A34FD39B2FFBFF160045A10B /* PBXContainerItemProxy */;
		};
		A34FD3A62FFBFF160045A10B /* PBXTargetDependency */ = {
			isa = PBXTargetDependency;
			target = A34FD38C2FFBFF140045A10B /* LiteAilohaApp */;
			targetProxy = A34FD3A52FFBFF160045A10B /* PBXContainerItemProxy */;
		};
/* End PBXTargetDependency section */

/* Begin XCBuildConfiguration section */
		A34FD3AC2FFBFF160045A10B /* Debug */ = {
			isa = XCBuildConfiguration;
			buildSettings = {
				ALWAYS_SEARCH_USER_PATHS = NO;
				ASSETCATALOG_COMPILER_GENERATE_SWIFT_ASSET_SYMBOL_EXTENSIONS = YES;
				CLANG_ANALYZER_NONNULL = YES;
				CLANG_ANALYZER_NUMBER_OBJECT_CONVERSION = YES_AGGRESSIVE;
				CLANG_CXX_LANGUAGE_STANDARD = "gnu++20";
				CLANG_ENABLE_MODULES = YES;
				CLANG_ENABLE_OBJC_ARC = YES;
				CLANG_ENABLE_OBJC_WEAK = YES;
				CLANG_WARN_BLOCK_CAPTURE_AUTORELEASING = YES;
				CLANG_WARN_BOOL_CONVERSION = YES;
				CLANG_WARN_COMMA = YES;
				CLANG_WARN_CONSTANT_CONVERSION = YES;
				CLANG_WARN_DEPRECATED_OBJC_IMPLEMENTATIONS = YES;
				CLANG_WARN_DIRECT_OBJC_ISA_USAGE = YES_ERROR;
				CLANG_WARN_DOCUMENTATION_COMMENTS = YES;
				CLANG_WARN_EMPTY_BODY = YES;
				CLANG_WARN_ENUM_CONVERSION = YES;
				CLANG_WARN_INFINITE_RECURSION = YES;
				CLANG_WARN_INT_CONVERSION = YES;
				CLANG_WARN_NON_LITERAL_NULL_CONVERSION = YES;
				CLANG_WARN_OBJC_IMPLICIT_RETAIN_SELF = YES;
				CLANG_WARN_OBJC_LITERAL_CONVERSION = YES;
				CLANG_WARN_OBJC_ROOT_CLASS = YES_ERROR;
				CLANG_WARN_QUOTED_INCLUDE_IN_FRAMEWORK_HEADER = YES;
				CLANG_WARN_RANGE_LOOP_ANALYSIS = YES;
				CLANG_WARN_STRICT_PROTOTYPES = YES;
				CLANG_WARN_SUSPICIOUS_MOVE = YES;
				CLANG_WARN_UNGUARDED_AVAILABILITY = YES_AGGRESSIVE;
				CLANG_WARN_UNREACHABLE_CODE = YES;
				CLANG_WARN__DUPLICATE_METHOD_MATCH = YES;
				COPY_PHASE_STRIP = NO;
				DEBUG_INFORMATION_FORMAT = dwarf;
				ENABLE_STRICT_OBJC_MSGSEND = YES;
				ENABLE_TESTABILITY = YES;
				ENABLE_USER_SCRIPT_SANDBOXING = YES;
				GCC_C_LANGUAGE_STANDARD = gnu17;
				GCC_DYNAMIC_NO_PIC = NO;
				GCC_NO_COMMON_BLOCKS = YES;
				GCC_OPTIMIZATION_LEVEL = 0;
				GCC_PREPROCESSOR_DEFINITIONS = (
					"DEBUG=1",
					"$(inherited)",
				);
				GCC_WARN_64_TO_32_BIT_CONVERSION = YES;
				GCC_WARN_ABOUT_RETURN_TYPE = YES_ERROR;
				GCC_WARN_UNDECLARED_SELECTOR = YES;
				GCC_WARN_UNINITIALIZED_AUTOS = YES_AGGRESSIVE;
				GCC_WARN_UNUSED_FUNCTION = YES;
				GCC_WARN_UNUSED_VARIABLE = YES;
				IPHONEOS_DEPLOYMENT_TARGET = 18.0;
				LOCALIZATION_PREFERS_STRING_CATALOGS = YES;
				MTL_ENABLE_DEBUG_INFO = INCLUDE_SOURCE;
				MTL_FAST_MATH = YES;
				ONLY_ACTIVE_ARCH = YES;
				SDKROOT = iphoneos;
				SWIFT_ACTIVE_COMPILATION_CONDITIONS = "DEBUG $(inherited)";
				SWIFT_OPTIMIZATION_LEVEL = "-Onone";
			};
			name = Debug;
		};
		A34FD3AD2FFBFF160045A10B /* Release */ = {
			isa = XCBuildConfiguration;
			buildSettings = {
				ALWAYS_SEARCH_USER_PATHS = NO;
				ASSETCATALOG_COMPILER_GENERATE_SWIFT_ASSET_SYMBOL_EXTENSIONS = YES;
				CLANG_ANALYZER_NONNULL = YES;
				CLANG_ANALYZER_NUMBER_OBJECT_CONVERSION = YES_AGGRESSIVE;
				CLANG_CXX_LANGUAGE_STANDARD = "gnu++20";
				CLANG_ENABLE_MODULES = YES;
				CLANG_ENABLE_OBJC_ARC = YES;
				CLANG_ENABLE_OBJC_WEAK = YES;
				CLANG_WARN_BLOCK_CAPTURE_AUTORELEASING = YES;
				CLANG_WARN_BOOL_CONVERSION = YES;
				CLANG_WARN_COMMA = YES;
				CLANG_WARN_CONSTANT_CONVERSION = YES;
				CLANG_WARN_DEPRECATED_OBJC_IMPLEMENTATIONS = YES;
				CLANG_WARN_DIRECT_OBJC_ISA_USAGE = YES_ERROR;
				CLANG_WARN_DOCUMENTATION_COMMENTS = YES;
				CLANG_WARN_EMPTY_BODY = YES;
				CLANG_WARN_ENUM_CONVERSION = YES;
				CLANG_WARN_INFINITE_RECURSION = YES;
				CLANG_WARN_INT_CONVERSION = YES;
				CLANG_WARN_NON_LITERAL_NULL_CONVERSION = YES;
				CLANG_WARN_OBJC_IMPLICIT_RETAIN_SELF = YES;
				CLANG_WARN_OBJC_LITERAL_CONVERSION = YES;
				CLANG_WARN_OBJC_ROOT_CLASS = YES_ERROR;
				CLANG_WARN_QUOTED_INCLUDE_IN_FRAMEWORK_HEADER = YES;
				CLANG_WARN_RANGE_LOOP_ANALYSIS = YES;
				CLANG_WARN_STRICT_PROTOTYPES = YES;
				CLANG_WARN_SUSPICIOUS_MOVE = YES;
				CLANG_WARN_UNGUARDED_AVAILABILITY = YES_AGGRESSIVE;
				CLANG_WARN_UNREACHABLE_CODE = YES;
				CLANG_WARN__DUPLICATE_METHOD_MATCH = YES;
				COPY_PHASE_STRIP = NO;
				DEBUG_INFORMATION_FORMAT = "dwarf-with-dsym";
				ENABLE_NS_ASSERTIONS = NO;
				ENABLE_STRICT_OBJC_MSGSEND = YES;
				ENABLE_USER_SCRIPT_SANDBOXING = YES;
				GCC_C_LANGUAGE_STANDARD = gnu17;
				GCC_NO_COMMON_BLOCKS = YES;
				GCC_WARN_64_TO_32_BIT_CONVERSION = YES;
				GCC_WARN_ABOUT_RETURN_TYPE = YES_ERROR;
				GCC_WARN_UNDECLARED_SELECTOR = YES;
				GCC_WARN_UNINITIALIZED_AUTOS = YES_AGGRESSIVE;
				GCC_WARN_UNUSED_FUNCTION = YES;
				GCC_WARN_UNUSED_VARIABLE = YES;
				IPHONEOS_DEPLOYMENT_TARGET = 18.0;
				LOCALIZATION_PREFERS_STRING_CATALOGS = YES;
				MTL_ENABLE_DEBUG_INFO = NO;
				MTL_FAST_MATH = YES;
				SDKROOT = iphoneos;
				SWIFT_COMPILATION_MODE = wholemodule;
				VALIDATE_PRODUCT = YES;
			};
			name = Release;
		};
		A34FD3AF2FFBFF160045A10B /* Debug */ = {
			isa = XCBuildConfiguration;
			buildSettings = {
				ASSETCATALOG_COMPILER_APPICON_NAME = AppIcon;
				ASSETCATALOG_COMPILER_GLOBAL_ACCENT_COLOR_NAME = AccentColor;
				CODE_SIGN_STYLE = Automatic;
				CURRENT_PROJECT_VERSION = 1;
				ENABLE_PREVIEWS = YES;
				GENERATE_INFOPLIST_FILE = YES;
				INFOPLIST_KEY_UIApplicationSceneManifest_Generation = YES;
				INFOPLIST_KEY_UIApplicationSupportsIndirectInputEvents = YES;
				INFOPLIST_KEY_UILaunchScreen_Generation = YES;
				INFOPLIST_KEY_NSCameraUsageDescription = "需要使用相机拍摄截图";
				INFOPLIST_KEY_NSPhotoLibraryUsageDescription = "需要访问相册选择截图";
				INFOPLIST_KEY_UISupportedInterfaceOrientations_iPad = "UIInterfaceOrientationPortrait UIInterfaceOrientationPortraitUpsideDown UIInterfaceOrientationLandscapeLeft UIInterfaceOrientationLandscapeRight";
				INFOPLIST_KEY_UISupportedInterfaceOrientations_iPhone = "UIInterfaceOrientationPortrait UIInterfaceOrientationLandscapeLeft UIInterfaceOrientationLandscapeRight";
				LD_RUNPATH_SEARCH_PATHS = (
					"$(inherited)",
					"@executable_path/Frameworks",
				);
				MARKETING_VERSION = 1.0;
				PRODUCT_BUNDLE_IDENTIFIER = com.shiquan.LiteAilohaApp;
				PRODUCT_NAME = "$(TARGET_NAME)";
				STRING_CATALOG_GENERATE_SYMBOLS = YES;
				SWIFT_APPROACHABLE_CONCURRENCY = YES;
				SWIFT_DEFAULT_ACTOR_ISOLATION = MainActor;
				SWIFT_EMIT_LOC_STRINGS = YES;
				SWIFT_UPCOMING_FEATURE_MEMBER_IMPORT_VISIBILITY = YES;
				SWIFT_VERSION = 5.0;
				TARGETED_DEVICE_FAMILY = "1,2";
			};
			name = Debug;
		};
		A34FD3B02FFBFF160045A10B /* Release */ = {
			isa = XCBuildConfiguration;
			buildSettings = {
				ASSETCATALOG_COMPILER_APPICON_NAME = AppIcon;
				ASSETCATALOG_COMPILER_GLOBAL_ACCENT_COLOR_NAME = AccentColor;
				CODE_SIGN_STYLE = Automatic;
				CURRENT_PROJECT_VERSION = 1;
				ENABLE_PREVIEWS = YES;
				GENERATE_INFOPLIST_FILE = YES;
				INFOPLIST_KEY_UIApplicationSceneManifest_Generation = YES;
				INFOPLIST_KEY_UIApplicationSupportsIndirectInputEvents = YES;
				INFOPLIST_KEY_UILaunchScreen_Generation = YES;
				INFOPLIST_KEY_NSCameraUsageDescription = "需要使用相机拍摄截图";
				INFOPLIST_KEY_NSPhotoLibraryUsageDescription = "需要访问相册选择截图";
				INFOPLIST_KEY_UISupportedInterfaceOrientations_iPad = "UIInterfaceOrientationPortrait UIInterfaceOrientationPortraitUpsideDown UIInterfaceOrientationLandscapeLeft UIInterfaceOrientationLandscapeRight";
				INFOPLIST_KEY_UISupportedInterfaceOrientations_iPhone = "UIInterfaceOrientationPortrait UIInterfaceOrientationLandscapeLeft UIInterfaceOrientationLandscapeRight";
				LD_RUNPATH_SEARCH_PATHS = (
					"$(inherited)",
					"@executable_path/Frameworks",
				);
				MARKETING_VERSION = 1.0;
				PRODUCT_BUNDLE_IDENTIFIER = com.shiquan.LiteAilohaApp;
				PRODUCT_NAME = "$(TARGET_NAME)";
				STRING_CATALOG_GENERATE_SYMBOLS = YES;
				SWIFT_APPROACHABLE_CONCURRENCY = YES;
				SWIFT_DEFAULT_ACTOR_ISOLATION = MainActor;
				SWIFT_EMIT_LOC_STRINGS = YES;
				SWIFT_UPCOMING_FEATURE_MEMBER_IMPORT_VISIBILITY = YES;
				SWIFT_VERSION = 5.0;
				TARGETED_DEVICE_FAMILY = "1,2";
			};
			name = Release;
		};
		A34FD3B22FFBFF160045A10B /* Debug */ = {
			isa = XCBuildConfiguration;
			buildSettings = {
				BUNDLE_LOADER = "$(TEST_HOST)";
				CODE_SIGN_STYLE = Automatic;
				CURRENT_PROJECT_VERSION = 1;
				GENERATE_INFOPLIST_FILE = YES;
				IPHONEOS_DEPLOYMENT_TARGET = 18.0;
				MARKETING_VERSION = 1.0;
				PRODUCT_BUNDLE_IDENTIFIER = com.shiquan.LiteAilohaAppTests;
				PRODUCT_NAME = "$(TARGET_NAME)";
				STRING_CATALOG_GENERATE_SYMBOLS = NO;
				SWIFT_APPROACHABLE_CONCURRENCY = YES;
				SWIFT_EMIT_LOC_STRINGS = NO;
				SWIFT_UPCOMING_FEATURE_MEMBER_IMPORT_VISIBILITY = YES;
				SWIFT_VERSION = 5.0;
				TARGETED_DEVICE_FAMILY = "1,2";
				TEST_HOST = "$(BUILT_PRODUCTS_DIR)/LiteAilohaApp.app/$(BUNDLE_EXECUTABLE_FOLDER_PATH)/LiteAilohaApp";
			};
			name = Debug;
		};
		A34FD3B32FFBFF160045A10B /* Release */ = {
			isa = XCBuildConfiguration;
			buildSettings = {
				BUNDLE_LOADER = "$(TEST_HOST)";
				CODE_SIGN_STYLE = Automatic;
				CURRENT_PROJECT_VERSION = 1;
				GENERATE_INFOPLIST_FILE = YES;
				IPHONEOS_DEPLOYMENT_TARGET = 18.0;
				MARKETING_VERSION = 1.0;
				PRODUCT_BUNDLE_IDENTIFIER = com.shiquan.LiteAilohaAppTests;
				PRODUCT_NAME = "$(TARGET_NAME)";
				STRING_CATALOG_GENERATE_SYMBOLS = NO;
				SWIFT_APPROACHABLE_CONCURRENCY = YES;
				SWIFT_EMIT_LOC_STRINGS = NO;
				SWIFT_UPCOMING_FEATURE_MEMBER_IMPORT_VISIBILITY = YES;
				SWIFT_VERSION = 5.0;
				TARGETED_DEVICE_FAMILY = "1,2";
				TEST_HOST = "$(BUILT_PRODUCTS_DIR)/LiteAilohaApp.app/$(BUNDLE_EXECUTABLE_FOLDER_PATH)/LiteAilohaApp";
			};
			name = Release;
		};
		A34FD3B52FFBFF160045A10B /* Debug */ = {
			isa = XCBuildConfiguration;
			buildSettings = {
				CODE_SIGN_STYLE = Automatic;
				CURRENT_PROJECT_VERSION = 1;
				GENERATE_INFOPLIST_FILE = YES;
				MARKETING_VERSION = 1.0;
				PRODUCT_BUNDLE_IDENTIFIER = com.shiquan.LiteAilohaAppUITests;
				PRODUCT_NAME = "$(TARGET_NAME)";
				STRING_CATALOG_GENERATE_SYMBOLS = NO;
				SWIFT_APPROACHABLE_CONCURRENCY = YES;
				SWIFT_EMIT_LOC_STRINGS = NO;
				SWIFT_UPCOMING_FEATURE_MEMBER_IMPORT_VISIBILITY = YES;
				SWIFT_VERSION = 5.0;
				TARGETED_DEVICE_FAMILY = "1,2";
				TEST_TARGET_NAME = LiteAilohaApp;
			};
			name = Debug;
		};
		A34FD3B62FFBFF160045A10B /* Release */ = {
			isa = XCBuildConfiguration;
			buildSettings = {
				CODE_SIGN_STYLE = Automatic;
				CURRENT_PROJECT_VERSION = 1;
				GENERATE_INFOPLIST_FILE = YES;
				MARKETING_VERSION = 1.0;
				PRODUCT_BUNDLE_IDENTIFIER = com.shiquan.LiteAilohaAppUITests;
				PRODUCT_NAME = "$(TARGET_NAME)";
				STRING_CATALOG_GENERATE_SYMBOLS = NO;
				SWIFT_APPROACHABLE_CONCURRENCY = YES;
				SWIFT_EMIT_LOC_STRINGS = NO;
				SWIFT_UPCOMING_FEATURE_MEMBER_IMPORT_VISIBILITY = YES;
				SWIFT_VERSION = 5.0;
				TARGETED_DEVICE_FAMILY = "1,2";
				TEST_TARGET_NAME = LiteAilohaApp;
			};
			name = Release;
		};
/* End XCBuildConfiguration section */

/* Begin XCConfigurationList section */
		A34FD3882FFBFF140045A10B /* Build configuration list for PBXProject "LiteAilohaApp" */ = {
			isa = XCConfigurationList;
			buildConfigurations = (
				A34FD3AC2FFBFF160045A10B /* Debug */,
				A34FD3AD2FFBFF160045A10B /* Release */,
			);
			defaultConfigurationIsVisible = 0;
			defaultConfigurationName = Release;
		};
		A34FD3AE2FFBFF160045A10B /* Build configuration list for PBXNativeTarget "LiteAilohaApp" */ = {
			isa = XCConfigurationList;
			buildConfigurations = (
				A34FD3AF2FFBFF160045A10B /* Debug */,
				A34FD3B02FFBFF160045A10B /* Release */,
			);
			defaultConfigurationIsVisible = 0;
			defaultConfigurationName = Release;
		};
		A34FD3B12FFBFF160045A10B /* Build configuration list for PBXNativeTarget "LiteAilohaAppTests" */ = {
			isa = XCConfigurationList;
			buildConfigurations = (
				A34FD3B22FFBFF160045A10B /* Debug */,
				A34FD3B32FFBFF160045A10B /* Release */,
			);
			defaultConfigurationIsVisible = 0;
			defaultConfigurationName = Release;
		};
		A34FD3B42FFBFF160045A10B /* Build configuration list for PBXNativeTarget "LiteAilohaAppUITests" */ = {
			isa = XCConfigurationList;
			buildConfigurations = (
				A34FD3B52FFBFF160045A10B /* Debug */,
				A34FD3B62FFBFF160045A10B /* Release */,
			);
			defaultConfigurationIsVisible = 0;
			defaultConfigurationName = Release;
		};
/* End XCConfigurationList section */
	};
	rootObject = A34FD3852FFBFF140045A10B /* Project object */;
}
